
Microsoft Visual Studio Solution File, Format Version 12.00
# Visual Studio Version 16
VisualStudioVersion = 16.0.30002.166
MinimumVisualStudioVersion = 10.0.40219.1
Project("{FAE04EC0-301F-11D3-BF4B-00C04F79EFBC}") = "hw.second", "hw.second\hw.second.csproj", "{DEC822CF-7701-4394-AAE3-D5527DF54174}"
EndProject
Global
	GlobalSection(SolutionConfigurationPlatforms) = preSolution
		Debug|Any CPU = Debug|Any CPU
		Release|Any CPU = Release|Any CPU
	EndGlobalSection
	GlobalSection(ProjectConfigurationPlatforms) = postSolution
		{DEC822CF-7701-4394-AAE3-D5527DF54174}.Debug|Any CPU.ActiveCfg = Debug|Any CPU
		{DEC822CF-7701-4394-AAE3-D5527DF54174}.Debug|Any CPU.Build.0 = Debug|Any CPU
		{DEC822CF-7701-4394-AAE3-D5527DF54174}.Release|Any CPU.ActiveCfg = Release|Any CPU
		{DEC822CF-7701-4394-AAE3-D5527DF54174}.Release|Any CPU.Build.0 = Release|Any CPU
	EndGlobalSection
	GlobalSection(SolutionProperties) = preSolution
		HideSolutionNode = FALSE
	EndGlobalSection
	GlobalSection(ExtensibilityGlobals) = postSolution
		SolutionGuid = {085E199E-69CC-4FB3-8F4A-719BC8CFD430}
	EndGlobalSection
EndGlobal
